
Microsoft Visual Studio Solution File, Format Version 12.00
# Visual Studio Version 17
VisualStudioVersion = 17.2.32616.157
MinimumVisualStudioVersion = 10.0.40219.1
Project("{FAE04EC0-301F-11D3-BF4B-00C04F79EFBC}") = "Tarea app", "Tarea app\Tarea app.csproj", "{8935B8CD-6387-4F1F-8230-B00713D5071C}"
EndProject
Global
	GlobalSection(SolutionConfigurationPlatforms) = preSolution
		Debug|Any CPU = Debug|Any CPU
		Release|Any CPU = Release|Any CPU
	EndGlobalSection
	GlobalSection(ProjectConfigurationPlatforms) = postSolution
		{8935B8CD-6387-4F1F-8230-B00713D5071C}.Debug|Any CPU.ActiveCfg = Debug|Any CPU
		{8935B8CD-6387-4F1F-8230-B00713D5071C}.Debug|Any CPU.Build.0 = Debug|Any CPU
		{8935B8CD-6387-4F1F-8230-B00713D5071C}.Release|Any CPU.ActiveCfg = Release|Any CPU
		{8935B8CD-6387-4F1F-8230-B00713D5071C}.Release|Any CPU.Build.0 = Release|Any CPU
	EndGlobalSection
	GlobalSection(SolutionProperties) = preSolution
		HideSolutionNode = FALSE
	EndGlobalSection
	GlobalSection(ExtensibilityGlobals) = postSolution
		SolutionGuid = {6A11B67C-8A1B-4868-A73F-2B53FB5581A3}
	EndGlobalSection
EndGlobal
